{
  "name": "form2",
  "version": "1.0.0",
  "lockfileVersion": 1,
  "requires": true,
  "dependencies": {
    "angular": {
      "version": "1.6.5",
      "resolved": "https://registry.npmjs.org/angular/-/angular-1.6.5.tgz",
      "integrity": "sha1-N/eI7r7Fzi4/oCsXu8sqIxV2oNY=",
      "dev": true
    },
    "angular-google-maps": {
      "version": "2.4.1",
      "resolved": "https://registry.npmjs.org/angular-google-maps/-/angular-google-maps-2.4.1.tgz",
      "integrity": "sha1-oEefOpnNppC3LfU2zxx30R4Y7iM=",
      "dev": true,
      "requires": {
        "angular": "1.6.5",
        "angular-simple-logger": "0.1.7",
        "google-maps-utility-library-v3-infobox": "1.1.14",
        "google-maps-utility-library-v3-keydragzoom": "2.0.9",
        "google-maps-utility-library-v3-markerwithlabel": "git://github.com/nmccready/google-maps-utility-library-v3-markerwithlabel.git#1e1ae841596ce41fb5cfaff301477393c5621d3d",
        "js-rich-marker": "git://github.com/MikaFima/js-rich-marker.git#0383f4bbdad4ddf154772fedbdd27e464600e943",
        "lodash": "4.17.4",
        "markerclustererplus": "2.1.4"
      }
    },
    "angular-simple-logger": {
      "version": "0.1.7",
      "resolved": "https://registry.npmjs.org/angular-simple-logger/-/angular-simple-logger-0.1.7.tgz",
      "integrity": "sha1-SuSOXqwJc/V3hFkY5W1JM89m8EE=",
      "dev": true,
      "requires": {
        "angular": "1.6.5",
        "debug": "2.6.8"
      }
    },
    "cloudinary-angular": {
      "version": "1.0.1",
      "resolved": "https://registry.npmjs.org/cloudinary-angular/-/cloudinary-angular-1.0.1.tgz",
      "integrity": "sha1-AW1BqkurhmHhJP/dw5XEHrBpjfU=",
      "dev": true
    },
    "coffee-script": {
      "version": "1.10.0",
      "resolved": "https://registry.npmjs.org/coffee-script/-/coffee-script-1.10.0.tgz",
      "integrity": "sha1-EpOLz5vhlI+gBvkuDEyegXBRCMA=",
      "dev": true
    },
    "debug": {
      "version": "2.6.8",
      "resolved": "https://registry.npmjs.org/debug/-/debug-2.6.8.tgz",
      "integrity": "sha1-5zFTHKLt4n0YgiJCfaF4IdaP9Pw=",
      "dev": true,
      "requires": {
        "ms": "2.0.0"
      }
    },
    "google-maps-utility-library-v3-infobox": {
      "version": "1.1.14",
      "resolved": "https://registry.npmjs.org/google-maps-utility-library-v3-infobox/-/google-maps-utility-library-v3-infobox-1.1.14.tgz",
      "integrity": "sha1-aciIzvi/+GnDInXjQT2QzAk5KRQ=",
      "dev": true,
      "requires": {
        "coffee-script": "1.10.0"
      }
    },
    "google-maps-utility-library-v3-keydragzoom": {
      "version": "2.0.9",
      "resolved": "https://registry.npmjs.org/google-maps-utility-library-v3-keydragzoom/-/google-maps-utility-library-v3-keydragzoom-2.0.9.tgz",
      "integrity": "sha1-LfoF/tKXbYL8HMOfzGF1wB7AZHc=",
      "dev": true,
      "requires": {
        "coffee-script": "1.10.0"
      }
    },
    "google-maps-utility-library-v3-markerwithlabel": {
      "version": "git://github.com/nmccready/google-maps-utility-library-v3-markerwithlabel.git#1e1ae841596ce41fb5cfaff301477393c5621d3d",
      "dev": true
    },
    "js-rich-marker": {
      "version": "git://github.com/MikaFima/js-rich-marker.git#0383f4bbdad4ddf154772fedbdd27e464600e943",
      "dev": true
    },
    "lodash": {
      "version": "4.17.4",
      "resolved": "https://registry.npmjs.org/lodash/-/lodash-4.17.4.tgz",
      "integrity": "sha1-eCA6TRwyiuHYbcpkYONptX9AVa4=",
      "dev": true
    },
    "markerclustererplus": {
      "version": "2.1.4",
      "resolved": "https://registry.npmjs.org/markerclustererplus/-/markerclustererplus-2.1.4.tgz",
      "integrity": "sha1-kBIlGA3V1fwIJ3U6GO7jWvz5xPc=",
      "dev": true
    },
    "ms": {
      "version": "2.0.0",
      "resolved": "https://registry.npmjs.org/ms/-/ms-2.0.0.tgz",
      "integrity": "sha1-VgiurfwAvmwpAd9fmGF4jeDVl8g=",
      "dev": true
    },
    "ng-facebook": {
      "version": "0.1.6",
      "resolved": "https://registry.npmjs.org/ng-facebook/-/ng-facebook-0.1.6.tgz",
      "integrity": "sha1-Jr6FVH0kwky9GzkAQnzM28PQho8=",
      "dev": true
    },
    "ng-file-upload": {
      "version": "12.2.13",
      "resolved": "https://registry.npmjs.org/ng-file-upload/-/ng-file-upload-12.2.13.tgz",
      "integrity": "sha1-AYAPOHLlJvlTEPhHfpnk8S0NjRQ=",
      "dev": true
    },
    "ng-img-crop": {
      "version": "0.2.0",
      "resolved": "https://registry.npmjs.org/ng-img-crop/-/ng-img-crop-0.2.0.tgz",
      "integrity": "sha1-gCVdkTOyDkuwRWMDLjMQ22CZz1E=",
      "dev": true
    },
    "ngcomponentrouter": {
      "version": "2.1.0",
      "resolved": "https://registry.npmjs.org/ngcomponentrouter/-/ngcomponentrouter-2.1.0.tgz",
      "integrity": "sha1-d4SKXxeAzUuYDHMC3l70KUYhRt8=",
      "dev": true
    },
    "ngstorage": {
      "version": "0.3.11",
      "resolved": "https://registry.npmjs.org/ngstorage/-/ngstorage-0.3.11.tgz",
      "integrity": "sha1-FjfEW4ctkJ2cx+GLN0iY1QsuhE8=",
      "dev": true
    }
  }
}
